
Microsoft Visual Studio Solution File, Format Version 12.00
# Visual Studio Version 16
VisualStudioVersion = 16.0.30611.23
MinimumVisualStudioVersion = 10.0.40219.1
Project("{9A19103F-16F7-4668-BE54-9A1E7A4F7556}") = "DotNetCoreSqlDb", "CalendarApp\DotNetCoreSqlDb.csproj", "{3ABD41E5-3575-441C-BC49-B1F59F546F30}"
EndProject
Global
	GlobalSection(SolutionConfigurationPlatforms) = preSolution
		Debug|Any CPU = Debug|Any CPU
		Release|Any CPU = Release|Any CPU
	EndGlobalSection
	GlobalSection(ProjectConfigurationPlatforms) = postSolution
		{3ABD41E5-3575-441C-BC49-B1F59F546F30}.Debug|Any CPU.ActiveCfg = Debug|Any CPU
		{3ABD41E5-3575-441C-BC49-B1F59F546F30}.Debug|Any CPU.Build.0 = Debug|Any CPU
		{3ABD41E5-3575-441C-BC49-B1F59F546F30}.Release|Any CPU.ActiveCfg = Release|Any CPU
		{3ABD41E5-3575-441C-BC49-B1F59F546F30}.Release|Any CPU.Build.0 = Release|Any CPU
	EndGlobalSection
	GlobalSection(SolutionProperties) = preSolution
		HideSolutionNode = FALSE
	EndGlobalSection
	GlobalSection(ExtensibilityGlobals) = postSolution
		SolutionGuid = {511456C0-7F95-4A87-802D-406D190C1CD9}
	EndGlobalSection
EndGlobal
